
Microsoft Visual Studio Solution File, Format Version 12.00
# Visual Studio Version 17
VisualStudioVersion = 17.5.33516.290
MinimumVisualStudioVersion = 10.0.40219.1
Project("{9A19103F-16F7-4668-BE54-9A1E7A4F7556}") = "RazorPagesMovie", "RazorPagesMovie\RazorPagesMovie.csproj", "{6C37673F-0AD3-44F0-97FB-81A406525B20}"
EndProject
Global
	GlobalSection(SolutionConfigurationPlatforms) = preSolution
		Debug|Any CPU = Debug|Any CPU
		Release|Any CPU = Release|Any CPU
	EndGlobalSection
	GlobalSection(ProjectConfigurationPlatforms) = postSolution
		{6C37673F-0AD3-44F0-97FB-81A406525B20}.Debug|Any CPU.ActiveCfg = Debug|Any CPU
		{6C37673F-0AD3-44F0-97FB-81A406525B20}.Debug|Any CPU.Build.0 = Debug|Any CPU
		{6C37673F-0AD3-44F0-97FB-81A406525B20}.Release|Any CPU.ActiveCfg = Release|Any CPU
		{6C37673F-0AD3-44F0-97FB-81A406525B20}.Release|Any CPU.Build.0 = Release|Any CPU
	EndGlobalSection
	GlobalSection(SolutionProperties) = preSolution
		HideSolutionNode = FALSE
	EndGlobalSection
	GlobalSection(ExtensibilityGlobals) = postSolution
		SolutionGuid = {5ED5E837-3EE7-4D42-94F7-F7068581CF2D}
	EndGlobalSection
EndGlobal
